<Project ToolsVersion="4.0" xmlns="http://schemas.microsoft.com/developer/msbuild/2003">
  <ItemGroup>
    <Filter Include="Source Files">
      <UniqueIdentifier>{4FC737F1-C7A5-4376-A066-2A32D752A2FF}</UniqueIdentifier>
      <Extensions>cpp;c;cc;cxx;def;odl;idl;hpj;bat;asm;asmx</Extensions>
    </Filter>
    <Filter Include="Header Files">
      <UniqueIdentifier>{93995380-89BD-4b04-88EB-625FBE52EBFB}</UniqueIdentifier>
      <Extensions>h;hpp;hxx;hm;inl;inc;xsd</Extensions>
    </Filter>
    <Filter Include="Resource Files">
      <UniqueIdentifier>{67DA6AB6-F800-4c08-8B7A-83BB121AAD01}</UniqueIdentifier>
      <Extensions>rc;ico;cur;bmp;dlg;rc2;rct;bin;rgs;gif;jpg;jpeg;jpe;resx;tiff;tif;png;wav</Extensions>
    </Filter>
    <Filter Include="Blocks">
      <UniqueIdentifier>{96813557-C75A-4F99-9BC1-4D6B5E229E9A}</UniqueIdentifier>
    </Filter>
    <Filter Include="Blocks\Cinder-KCB2">
      <UniqueIdentifier>{5B652FE5-F1DC-4877-88AF-B4D11A3C507A}</UniqueIdentifier>
    </Filter>
    <Filter Include="Blocks\Cinder-KCB2\src">
      <UniqueIdentifier>{2134ADA7-2DF6-45CC-9BEF-C3F01336649B}</UniqueIdentifier>
    </Filter>
    <Filter Include="Blocks\OSC">
      <UniqueIdentifier>{F0091959-B1DE-4EE4-8877-67164AD210DC}</UniqueIdentifier>
    </Filter>
    <Filter Include="Blocks\OSC\src">
      <UniqueIdentifier>{5FE4060F-D7DE-42C5-8176-94F5E1BFC6CC}</UniqueIdentifier>
    </Filter>
    <Filter Include="Blocks\OSC\src\cinder">
      <UniqueIdentifier>{4CBE5681-F073-46CB-BBC0-EE0A4BC506A3}</UniqueIdentifier>
    </Filter>
    <Filter Include="Blocks\OSC\src\cinder\osc">
      <UniqueIdentifier>{8642CBC8-D794-4E54-8BEE-B81EACBCF62D}</UniqueIdentifier>
    </Filter>
  </ItemGroup>
  <ItemGroup>
    <ClCompile Include="..\src\LisaFinalApp.cpp">
      <Filter>Source Files</Filter>
    </ClCompile>
    <ClCompile Include="..\src\LisaFinalApp.cpp">
      <Filter>Source Files</Filter>
    </ClCompile>
    <ClInclude Include="..\include\Resources.h">
      <Filter>Header Files</Filter>
    </ClInclude>
    <ClCompile Include="..\..\Cinder-KCB2\src\Kinect2.cpp">
      <Filter>Blocks\Cinder-KCB2\src</Filter>
    </ClCompile>
    <ClInclude Include="..\..\Cinder-KCB2\src\Kinect2.h">
      <Filter>Blocks\Cinder-KCB2\src</Filter>
    </ClInclude>
    <ClCompile Include="..\..\OSC\src\cinder\osc\Osc.cpp">
      <Filter>Blocks\OSC\src\cinder\osc</Filter>
    </ClCompile>
    <ClInclude Include="..\..\OSC\src\cinder\osc\Osc.h">
      <Filter>Blocks\OSC\src\cinder\osc</Filter>
    </ClInclude>
  </ItemGroup>
  <ItemGroup>
    <ClInclude Include="..\include\Resources.h">
      <Filter>Header Files</Filter>
    </ClInclude>
    <ClInclude Include="..\src\kat_decision_tree.h">
      <Filter>Source Files</Filter>
    </ClInclude>
  </ItemGroup>
  <ItemGroup>
    <ResourceCompile Include="Resources.rc">
      <Filter>Resource Files</Filter>
    </ResourceCompile>
  </ItemGroup>
</Project>